// !$*UTF8*$!
{
	archiveVersion = 1;
	classes = {
	};
	objectVersion = 50;
	objects = {

/* Begin PBXBuildFile section */
		9B710AF12466287700761B80 /* AppDelegate.swift in Sources */ = {isa = PBXBuildFile; fileRef = 9B710AF02466287700761B80 /* AppDelegate.swift */; };
		9B710AF32466287700761B80 /* SceneDelegate.swift in Sources */ = {isa = PBXBuildFile; fileRef = 9B710AF22466287700761B80 /* SceneDelegate.swift */; };
		9B710AF62466287700761B80 /* Quakes.xcdatamodeld in Sources */ = {isa = PBXBuildFile; fileRef = 9B710AF42466287700761B80 /* Quakes.xcdatamodeld */; };
		9B710AF82466287700761B80 /* ContentView.swift in Sources */ = {isa = PBXBuildFile; fileRef = 9B710AF72466287700761B80 /* ContentView.swift */; };
		9B710AFA2466287B00761B80 /* Assets.xcassets in Resources */ = {isa = PBXBuildFile; fileRef = 9B710AF92466287B00761B80 /* Assets.xcassets */; };
		9B710AFD2466287B00761B80 /* Preview Assets.xcassets in Resources */ = {isa = PBXBuildFile; fileRef = 9B710AFC2466287B00761B80 /* Preview Assets.xcassets */; };
		9B710B002466287B00761B80 /* LaunchScreen.storyboard in Resources */ = {isa = PBXBuildFile; fileRef = 9B710AFE2466287B00761B80 /* LaunchScreen.storyboard */; };
		9B710B0B2466287C00761B80 /* QuakesTests.swift in Sources */ = {isa = PBXBuildFile; fileRef = 9B710B0A2466287C00761B80 /* QuakesTests.swift */; };
		9B710B162466287C00761B80 /* QuakesUITests.swift in Sources */ = {isa = PBXBuildFile; fileRef = 9B710B152466287C00761B80 /* QuakesUITests.swift */; };
		9B710B2524662C9700761B80 /* NetworkManager.swift in Sources */ = {isa = PBXBuildFile; fileRef = 9B710B2424662C9700761B80 /* NetworkManager.swift */; };
		9B710B2824662CBF00761B80 /* Quake.swift in Sources */ = {isa = PBXBuildFile; fileRef = 9B710B2724662CBF00761B80 /* Quake.swift */; };
		9BAD3B592466314800FB443B /* CellRow.swift in Sources */ = {isa = PBXBuildFile; fileRef = 9BAD3B582466314800FB443B /* CellRow.swift */; };
		9BEFD83E2466355B00F86D9B /* QuakeDetails.swift in Sources */ = {isa = PBXBuildFile; fileRef = 9BEFD83D2466355B00F86D9B /* QuakeDetails.swift */; };
		9BEFD8402466373700F86D9B /* MapView.swift in Sources */ = {isa = PBXBuildFile; fileRef = 9BEFD83F2466373700F86D9B /* MapView.swift */; };
/* End PBXBuildFile section */

/* Begin PBXContainerItemProxy section */
		9B710B072466287C00761B80 /* PBXContainerItemProxy */ = {
			isa = PBXContainerItemProxy;
			containerPortal = 9B710AE52466287700761B80 /* Project object */;
			proxyType = 1;
			remoteGlobalIDString = 9B710AEC2466287700761B80;
			remoteInfo = Quakes;
		};
		9B710B122466287C00761B80 /* PBXContainerItemProxy */ = {
			isa = PBXContainerItemProxy;
			containerPortal = 9B710AE52466287700761B80 /* Project object */;
			proxyType = 1;
			remoteGlobalIDString = 9B710AEC2466287700761B80;
			remoteInfo = Quakes;
		};
/* End PBXContainerItemProxy section */

/* Begin PBXFileReference section */
		9B710AED2466287700761B80 /* Quakes.app */ = {isa = PBXFileReference; explicitFileType = wrapper.application; includeInIndex = 0; path = Quakes.app; sourceTree = BUILT_PRODUCTS_DIR; };
		9B710AF02466287700761B80 /* AppDelegate.swift */ = {isa = PBXFileReference; lastKnownFileType = sourcecode.swift; path = AppDelegate.swift; sourceTree = "<group>"; };
		9B710AF22466287700761B80 /* SceneDelegate.swift */ = {isa = PBXFileReference; lastKnownFileType = sourcecode.swift; path = SceneDelegate.swift; sourceTree = "<group>"; };
		9B710AF52466287700761B80 /* Quakes.xcdatamodel */ = {isa = PBXFileReference; lastKnownFileType = wrapper.xcdatamodel; path = Quakes.xcdatamodel; sourceTree = "<group>"; };
		9B710AF72466287700761B80 /* ContentView.swift */ = {isa = PBXFileReference; lastKnownFileType = sourcecode.swift; path = ContentView.swift; sourceTree = "<group>"; };
		9B710AF92466287B00761B80 /* Assets.xcassets */ = {isa = PBXFileReference; lastKnownFileType = folder.assetcatalog; path = Assets.xcassets; sourceTree = "<group>"; };
		9B710AFC2466287B00761B80 /* Preview Assets.xcassets */ = {isa = PBXFileReference; lastKnownFileType = folder.assetcatalog; path = "Preview Assets.xcassets"; sourceTree = "<group>"; };
		9B710AFF2466287B00761B80 /* Base */ = {isa = PBXFileReference; lastKnownFileType = file.storyboard; name = Base; path = Base.lproj/LaunchScreen.storyboard; sourceTree = "<group>"; };
		9B710B012466287B00761B80 /* Info.plist */ = {isa = PBXFileReference; lastKnownFileType = text.plist.xml; path = Info.plist; sourceTree = "<group>"; };
		9B710B062466287C00761B80 /* QuakesTests.xctest */ = {isa = PBXFileReference; explicitFileType = wrapper.cfbundle; includeInIndex = 0; path = QuakesTests.xctest; sourceTree = BUILT_PRODUCTS_DIR; };
		9B710B0A2466287C00761B80 /* QuakesTests.swift */ = {isa = PBXFileReference; lastKnownFileType = sourcecode.swift; path = QuakesTests.swift; sourceTree = "<group>"; };
		9B710B0C2466287C00761B80 /* Info.plist */ = {isa = PBXFileReference; lastKnownFileType = text.plist.xml; path = Info.plist; sourceTree = "<group>"; };
		9B710B112466287C00761B80 /* QuakesUITests.xctest */ = {isa = PBXFileReference; explicitFileType = wrapper.cfbundle; includeInIndex = 0; path = QuakesUITests.xctest; sourceTree = BUILT_PRODUCTS_DIR; };
		9B710B152466287C00761B80 /* QuakesUITests.swift */ = {isa = PBXFileReference; lastKnownFileType = sourcecode.swift; path = QuakesUITests.swift; sourceTree = "<group>"; };
		9B710B172466287C00761B80 /* Info.plist */ = {isa = PBXFileReference; lastKnownFileType = text.plist.xml; path = Info.plist; sourceTree = "<group>"; };
		9B710B2424662C9700761B80 /* NetworkManager.swift */ = {isa = PBXFileReference; lastKnownFileType = sourcecode.swift; path = NetworkManager.swift; sourceTree = "<group>"; };
		9B710B2724662CBF00761B80 /* Quake.swift */ = {isa = PBXFileReference; lastKnownFileType = sourcecode.swift; path = Quake.swift; sourceTree = "<group>"; };
		9BAD3B582466314800FB443B /* CellRow.swift */ = {isa = PBXFileReference; lastKnownFileType = sourcecode.swift; path = CellRow.swift; sourceTree = "<group>"; };
		9BEFD83D2466355B00F86D9B /* QuakeDetails.swift */ = {isa = PBXFileReference; lastKnownFileType = sourcecode.swift; path = QuakeDetails.swift; sourceTree = "<group>"; };
		9BEFD83F2466373700F86D9B /* MapView.swift */ = {isa = PBXFileReference; lastKnownFileType = sourcecode.swift; path = MapView.swift; sourceTree = "<group>"; };
/* End PBXFileReference section */

/* Begin PBXFrameworksBuildPhase section */
		9B710AEA2466287700761B80 /* Frameworks */ = {
			isa = PBXFrameworksBuildPhase;
			buildActionMask = 2147483647;
			files = (
			);
			runOnlyForDeploymentPostprocessing = 0;
		};
		9B710B032466287C00761B80 /* Frameworks */ = {
			isa = PBXFrameworksBuildPhase;
			buildActionMask = 2147483647;
			files = (
			);
			runOnlyForDeploymentPostprocessing = 0;
		};
		9B710B0E2466287C00761B80 /* Frameworks */ = {
			isa = PBXFrameworksBuildPhase;
			buildActionMask = 2147483647;
			files = (
			);
			runOnlyForDeploymentPostprocessing = 0;
		};
/* End PBXFrameworksBuildPhase section */

/* Begin PBXGroup section */
		9B710AE42466287700761B80 = {
			isa = PBXGroup;
			children = (
				9B710AEF2466287700761B80 /* Quakes */,
				9B710B092466287C00761B80 /* QuakesTests */,
				9B710B142466287C00761B80 /* QuakesUITests */,
				9B710AEE2466287700761B80 /* Products */,
			);
			sourceTree = "<group>";
		};
		9B710AEE2466287700761B80 /* Products */ = {
			isa = PBXGroup;
			children = (
				9B710AED2466287700761B80 /* Quakes.app */,
				9B710B062466287C00761B80 /* QuakesTests.xctest */,
				9B710B112466287C00761B80 /* QuakesUITests.xctest */,
			);
			name = Products;
			sourceTree = "<group>";
		};
		9B710AEF2466287700761B80 /* Quakes */ = {
			isa = PBXGroup;
			children = (
				9B710B2624662CAF00761B80 /* Model */,
				9B710B2324662C8B00761B80 /* Services */,
				9BAD3B5A2466314C00FB443B /* View */,
				9B710AF02466287700761B80 /* AppDelegate.swift */,
				9B710AF22466287700761B80 /* SceneDelegate.swift */,
				9B710AF92466287B00761B80 /* Assets.xcassets */,
				9B710AFE2466287B00761B80 /* LaunchScreen.storyboard */,
				9B710B012466287B00761B80 /* Info.plist */,
				9B710AF42466287700761B80 /* Quakes.xcdatamodeld */,
				9B710AFB2466287B00761B80 /* Preview Content */,
			);
			path = Quakes;
			sourceTree = "<group>";
		};
		9B710AFB2466287B00761B80 /* Preview Content */ = {
			isa = PBXGroup;
			children = (
				9B710AFC2466287B00761B80 /* Preview Assets.xcassets */,
			);
			path = "Preview Content";
			sourceTree = "<group>";
		};
		9B710B092466287C00761B80 /* QuakesTests */ = {
			isa = PBXGroup;
			children = (
				9B710B0A2466287C00761B80 /* QuakesTests.swift */,
				9B710B0C2466287C00761B80 /* Info.plist */,
			);
			path = QuakesTests;
			sourceTree = "<group>";
		};
		9B710B142466287C00761B80 /* QuakesUITests */ = {
			isa = PBXGroup;
			children = (
				9B710B152466287C00761B80 /* QuakesUITests.swift */,
				9B710B172466287C00761B80 /* Info.plist */,
			);
			path = QuakesUITests;
			sourceTree = "<group>";
		};
		9B710B2324662C8B00761B80 /* Services */ = {
			isa = PBXGroup;
			children = (
				9B710B2424662C9700761B80 /* NetworkManager.swift */,
			);
			path = Services;
			sourceTree = "<group>";
		};
		9B710B2624662CAF00761B80 /* Model */ = {
			isa = PBXGroup;
			children = (
				9B710B2724662CBF00761B80 /* Quake.swift */,
			);
			path = Model;
			sourceTree = "<group>";
		};
		9BAD3B5A2466314C00FB443B /* View */ = {
			isa = PBXGroup;
			children = (
				9B710AF72466287700761B80 /* ContentView.swift */,
				9BAD3B582466314800FB443B /* CellRow.swift */,
				9BEFD83D2466355B00F86D9B /* QuakeDetails.swift */,
				9BEFD83F2466373700F86D9B /* MapView.swift */,
			);
			path = View;
			sourceTree = "<group>";
		};
/* End PBXGroup section */

/* Begin PBXNativeTarget section */
		9B710AEC2466287700761B80 /* Quakes */ = {
			isa = PBXNativeTarget;
			buildConfigurationList = 9B710B1A2466287C00761B80 /* Build configuration list for PBXNativeTarget "Quakes" */;
			buildPhases = (
				9B710AE92466287700761B80 /* Sources */,
				9B710AEA2466287700761B80 /* Frameworks */,
				9B710AEB2466287700761B80 /* Resources */,
			);
			buildRules = (
			);
			dependencies = (
			);
			name = Quakes;
			productName = Quakes;
			productReference = 9B710AED2466287700761B80 /* Quakes.app */;
			productType = "com.apple.product-type.application";
		};
		9B710B052466287C00761B80 /* QuakesTests */ = {
			isa = PBXNativeTarget;
			buildConfigurationList = 9B710B1D2466287C00761B80 /* Build configuration list for PBXNativeTarget "QuakesTests" */;
			buildPhases = (
				9B710B022466287C00761B80 /* Sources */,
				9B710B032466287C00761B80 /* Frameworks */,
				9B710B042466287C00761B80 /* Resources */,
			);
			buildRules = (
			);
			dependencies = (
				9B710B082466287C00761B80 /* PBXTargetDependency */,
			);
			name = QuakesTests;
			productName = QuakesTests;
			productReference = 9B710B062466287C00761B80 /* QuakesTests.xctest */;
			productType = "com.apple.product-type.bundle.unit-test";
		};
		9B710B102466287C00761B80 /* QuakesUITests */ = {
			isa = PBXNativeTarget;
			buildConfigurationList = 9B710B202466287C00761B80 /* Build configuration list for PBXNativeTarget "QuakesUITests" */;
			buildPhases = (
				9B710B0D2466287C00761B80 /* Sources */,
				9B710B0E2466287C00761B80 /* Frameworks */,
				9B710B0F2466287C00761B80 /* Resources */,
			);
			buildRules = (
			);
			dependencies = (
				9B710B132466287C00761B80 /* PBXTargetDependency */,
			);
			name = QuakesUITests;
			productName = QuakesUITests;
			productReference = 9B710B112466287C00761B80 /* QuakesUITests.xctest */;
			productType = "com.apple.product-type.bundle.ui-testing";
		};
/* End PBXNativeTarget section */

/* Begin PBXProject section */
		9B710AE52466287700761B80 /* Project object */ = {
			isa = PBXProject;
			attributes = {
				LastSwiftUpdateCheck = 1140;
				LastUpgradeCheck = 1140;
				ORGANIZATIONNAME = "Craunic Productions";
				TargetAttributes = {
					9B710AEC2466287700761B80 = {
						CreatedOnToolsVersion = 11.4.1;
					};
					9B710B052466287C00761B80 = {
						CreatedOnToolsVersion = 11.4.1;
						TestTargetID = 9B710AEC2466287700761B80;
					};
					9B710B102466287C00761B80 = {
						CreatedOnToolsVersion = 11.4.1;
						TestTargetID = 9B710AEC2466287700761B80;
					};
				};
			};
			buildConfigurationList = 9B710AE82466287700761B80 /* Build configuration list for PBXProject "Quakes" */;
			compatibilityVersion = "Xcode 9.3";
			developmentRegion = en;
			hasScannedForEncodings = 0;
			knownRegions = (
				en,
				Base,
			);
			mainGroup = 9B710AE42466287700761B80;
			productRefGroup = 9B710AEE2466287700761B80 /* Products */;
			projectDirPath = "";
			projectRoot = "";
			targets = (
				9B710AEC2466287700761B80 /* Quakes */,
				9B710B052466287C00761B80 /* QuakesTests */,
				9B710B102466287C00761B80 /* QuakesUITests */,
			);
		};
/* End PBXProject section */

/* Begin PBXResourcesBuildPhase section */
		9B710AEB2466287700761B80 /* Resources */ = {
			isa = PBXResourcesBuildPhase;
			buildActionMask = 2147483647;
			files = (
				9B710B002466287B00761B80 /* LaunchScreen.storyboard in Resources */,
				9B710AFD2466287B00761B80 /* Preview Assets.xcassets in Resources */,
				9B710AFA2466287B00761B80 /* Assets.xcassets in Resources */,
			);
			runOnlyForDeploymentPostprocessing = 0;
		};
		9B710B042466287C00761B80 /* Resources */ = {
			isa = PBXResourcesBuildPhase;
			buildActionMask = 2147483647;
			files = (
			);
			runOnlyForDeploymentPostprocessing = 0;
		};
		9B710B0F2466287C00761B80 /* Resources */ = {
			isa = PBXResourcesBuildPhase;
			buildActionMask = 2147483647;
			files = (
			);
			runOnlyForDeploymentPostprocessing = 0;
		};
/* End PBXResourcesBuildPhase section */

/* Begin PBXSourcesBuildPhase section */
		9B710AE92466287700761B80 /* Sources */ = {
			isa = PBXSourcesBuildPhase;
			buildActionMask = 2147483647;
			files = (
				9B710AF12466287700761B80 /* AppDelegate.swift in Sources */,
				9B710B2824662CBF00761B80 /* Quake.swift in Sources */,
				9BEFD83E2466355B00F86D9B /* QuakeDetails.swift in Sources */,
				9B710AF62466287700761B80 /* Quakes.xcdatamodeld in Sources */,
				9B710B2524662C9700761B80 /* NetworkManager.swift in Sources */,
				9B710AF82466287700761B80 /* ContentView.swift in Sources */,
				9B710AF32466287700761B80 /* SceneDelegate.swift in Sources */,
				9BEFD8402466373700F86D9B /* MapView.swift in Sources */,
				9BAD3B592466314800FB443B /* CellRow.swift in Sources */,
			);
			runOnlyForDeploymentPostprocessing = 0;
		};
		9B710B022466287C00761B80 /* Sources */ = {
			isa = PBXSourcesBuildPhase;
			buildActionMask = 2147483647;
			files = (
				9B710B0B2466287C00761B80 /* QuakesTests.swift in Sources */,
			);
			runOnlyForDeploymentPostprocessing = 0;
		};
		9B710B0D2466287C00761B80 /* Sources */ = {
			isa = PBXSourcesBuildPhase;
			buildActionMask = 2147483647;
			files = (
				9B710B162466287C00761B80 /* QuakesUITests.swift in Sources */,
			);
			runOnlyForDeploymentPostprocessing = 0;
		};
/* End PBXSourcesBuildPhase section */

/* Begin PBXTargetDependency section */
		9B710B082466287C00761B80 /* PBXTargetDependency */ = {
			isa = PBXTargetDependency;
			target = 9B710AEC2466287700761B80 /* Quakes */;
			targetProxy = 9B710B072466287C00761B80 /* PBXContainerItemProxy */;
		};
		9B710B132466287C00761B80 /* PBXTargetDependency */ = {
			isa = PBXTargetDependency;
			target = 9B710AEC2466287700761B80 /* Quakes */;
			targetProxy = 9B710B122466287C00761B80 /* PBXContainerItemProxy */;
		};
/* End PBXTargetDependency section */

/* Begin PBXVariantGroup section */
		9B710AFE2466287B00761B80 /* LaunchScreen.storyboard */ = {
			isa = PBXVariantGroup;
			children = (
				9B710AFF2466287B00761B80 /* Base */,
			);
			name = LaunchScreen.storyboard;
			sourceTree = "<group>";
		};
/* End PBXVariantGroup section */

/* Begin XCBuildConfiguration section */
		9B710B182466287C00761B80 /* Debug */ = {
			isa = XCBuildConfiguration;
			buildSettings = {
				ALWAYS_SEARCH_USER_PATHS = NO;
				CLANG_ANALYZER_NONNULL = YES;
				CLANG_ANALYZER_NUMBER_OBJECT_CONVERSION = YES_AGGRESSIVE;
				CLANG_CXX_LANGUAGE_STANDARD = "gnu++14";
				CLANG_CXX_LIBRARY = "libc++";
				CLANG_ENABLE_MODULES = YES;
				CLANG_ENABLE_OBJC_ARC = YES;
				CLANG_ENABLE_OBJC_WEAK = YES;
				CLANG_WARN_BLOCK_CAPTURE_AUTORELEASING = YES;
				CLANG_WARN_BOOL_CONVERSION = YES;
				CLANG_WARN_COMMA = YES;
				CLANG_WARN_CONSTANT_CONVERSION = YES;
				CLANG_WARN_DEPRECATED_OBJC_IMPLEMENTATIONS = YES;
				CLANG_WARN_DIRECT_OBJC_ISA_USAGE = YES_ERROR;
				CLANG_WARN_DOCUMENTATION_COMMENTS = YES;
				CLANG_WARN_EMPTY_BODY = YES;
				CLANG_WARN_ENUM_CONVERSION = YES;
				CLANG_WARN_INFINITE_RECURSION = YES;
				CLANG_WARN_INT_CONVERSION = YES;
				CLANG_WARN_NON_LITERAL_NULL_CONVERSION = YES;
				CLANG_WARN_OBJC_IMPLICIT_RETAIN_SELF = YES;
				CLANG_WARN_OBJC_LITERAL_CONVERSION = YES;
				CLANG_WARN_OBJC_ROOT_CLASS = YES_ERROR;
				CLANG_WARN_RANGE_LOOP_ANALYSIS = YES;
				CLANG_WARN_STRICT_PROTOTYPES = YES;
				CLANG_WARN_SUSPICIOUS_MOVE = YES;
				CLANG_WARN_UNGUARDED_AVAILABILITY = YES_AGGRESSIVE;
				CLANG_WARN_UNREACHABLE_CODE = YES;
				CLANG_WARN__DUPLICATE_METHOD_MATCH = YES;
				COPY_PHASE_STRIP = NO;
				DEBUG_INFORMATION_FORMAT = dwarf;
				ENABLE_STRICT_OBJC_MSGSEND = YES;
				ENABLE_TESTABILITY = YES;
				GCC_C_LANGUAGE_STANDARD = gnu11;
				GCC_DYNAMIC_NO_PIC = NO;
				GCC_NO_COMMON_BLOCKS = YES;
				GCC_OPTIMIZATION_LEVEL = 0;
				GCC_PREPROCESSOR_DEFINITIONS = (
					"DEBUG=1",
					"$(inherited)",
				);
				GCC_WARN_64_TO_32_BIT_CONVERSION = YES;
				GCC_WARN_ABOUT_RETURN_TYPE = YES_ERROR;
				GCC_WARN_UNDECLARED_SELECTOR = YES;
				GCC_WARN_UNINITIALIZED_AUTOS = YES_AGGRESSIVE;
				GCC_WARN_UNUSED_FUNCTION = YES;
				GCC_WARN_UNUSED_VARIABLE = YES;
				IPHONEOS_DEPLOYMENT_TARGET = 13.4;
				MTL_ENABLE_DEBUG_INFO = INCLUDE_SOURCE;
				MTL_FAST_MATH = YES;
				ONLY_ACTIVE_ARCH = YES;
				SDKROOT = iphoneos;
				SWIFT_ACTIVE_COMPILATION_CONDITIONS = DEBUG;
				SWIFT_OPTIMIZATION_LEVEL = "-Onone";
			};
			name = Debug;
		};
		9B710B192466287C00761B80 /* Release */ = {
			isa = XCBuildConfiguration;
			buildSettings = {
				ALWAYS_SEARCH_USER_PATHS = NO;
				CLANG_ANALYZER_NONNULL = YES;
				CLANG_ANALYZER_NUMBER_OBJECT_CONVERSION = YES_AGGRESSIVE;
				CLANG_CXX_LANGUAGE_STANDARD = "gnu++14";
				CLANG_CXX_LIBRARY = "libc++";
				CLANG_ENABLE_MODULES = YES;
				CLANG_ENABLE_OBJC_ARC = YES;
				CLANG_ENABLE_OBJC_WEAK = YES;
				CLANG_WARN_BLOCK_CAPTURE_AUTORELEASING = YES;
				CLANG_WARN_BOOL_CONVERSION = YES;
				CLANG_WARN_COMMA = YES;
				CLANG_WARN_CONSTANT_CONVERSION = YES;
				CLANG_WARN_DEPRECATED_OBJC_IMPLEMENTATIONS = YES;
				CLANG_WARN_DIRECT_OBJC_ISA_USAGE = YES_ERROR;
				CLANG_WARN_DOCUMENTATION_COMMENTS = YES;
				CLANG_WARN_EMPTY_BODY = YES;
				CLANG_WARN_ENUM_CONVERSION = YES;
				CLANG_WARN_INFINITE_RECURSION = YES;
				CLANG_WARN_INT_CONVERSION = YES;
				CLANG_WARN_NON_LITERAL_NULL_CONVERSION = YES;
				CLANG_WARN_OBJC_IMPLICIT_RETAIN_SELF = YES;
				CLANG_WARN_OBJC_LITERAL_CONVERSION = YES;
				CLANG_WARN_OBJC_ROOT_CLASS = YES_ERROR;
				CLANG_WARN_RANGE_LOOP_ANALYSIS = YES;
				CLANG_WARN_STRICT_PROTOTYPES = YES;
				CLANG_WARN_SUSPICIOUS_MOVE = YES;
				CLANG_WARN_UNGUARDED_AVAILABILITY = YES_AGGRESSIVE;
				CLANG_WARN_UNREACHABLE_CODE = YES;
				CLANG_WARN__DUPLICATE_METHOD_MATCH = YES;
				COPY_PHASE_STRIP = NO;
				DEBUG_INFORMATION_FORMAT = "dwarf-with-dsym";
				ENABLE_NS_ASSERTIONS = NO;
				ENABLE_STRICT_OBJC_MSGSEND = YES;
				GCC_C_LANGUAGE_STANDARD = gnu11;
				GCC_NO_COMMON_BLOCKS = YES;
				GCC_WARN_64_TO_32_BIT_CONVERSION = YES;
				GCC_WARN_ABOUT_RETURN_TYPE = YES_ERROR;
				GCC_WARN_UNDECLARED_SELECTOR = YES;
				GCC_WARN_UNINITIALIZED_AUTOS = YES_AGGRESSIVE;
				GCC_WARN_UNUSED_FUNCTION = YES;
				GCC_WARN_UNUSED_VARIABLE = YES;
				IPHONEOS_DEPLOYMENT_TARGET = 13.4;
				MTL_ENABLE_DEBUG_INFO = NO;
				MTL_FAST_MATH = YES;
				SDKROOT = iphoneos;
				SWIFT_COMPILATION_MODE = wholemodule;
				SWIFT_OPTIMIZATION_LEVEL = "-O";
				VALIDATE_PRODUCT = YES;
			};
			name = Release;
		};
		9B710B1B2466287C00761B80 /* Debug */ = {
			isa = XCBuildConfiguration;
			buildSettings = {
				ASSETCATALOG_COMPILER_APPICON_NAME = AppIcon;
				CODE_SIGN_STYLE = Automatic;
				DEVELOPMENT_ASSET_PATHS = "\"Quakes/Preview Content\"";
				DEVELOPMENT_TEAM = 96SB47X67B;
				ENABLE_PREVIEWS = YES;
				INFOPLIST_FILE = Quakes/Info.plist;
				LD_RUNPATH_SEARCH_PATHS = (
					"$(inherited)",
					"@executable_path/Frameworks",
				);
				PRODUCT_BUNDLE_IDENTIFIER = com.CraunicProductions.Quakes;
				PRODUCT_NAME = "$(TARGET_NAME)";
				SWIFT_VERSION = 5.0;
				TARGETED_DEVICE_FAMILY = "1,2";
			};
			name = Debug;
		};
		9B710B1C2466287C00761B80 /* Release */ = {
			isa = XCBuildConfiguration;
			buildSettings = {
				ASSETCATALOG_COMPILER_APPICON_NAME = AppIcon;
				CODE_SIGN_STYLE = Automatic;
				DEVELOPMENT_ASSET_PATHS = "\"Quakes/Preview Content\"";
				DEVELOPMENT_TEAM = 96SB47X67B;
				ENABLE_PREVIEWS = YES;
				INFOPLIST_FILE = Quakes/Info.plist;
				LD_RUNPATH_SEARCH_PATHS = (
					"$(inherited)",
					"@executable_path/Frameworks",
				);
				PRODUCT_BUNDLE_IDENTIFIER = com.CraunicProductions.Quakes;
				PRODUCT_NAME = "$(TARGET_NAME)";
				SWIFT_VERSION = 5.0;
				TARGETED_DEVICE_FAMILY = "1,2";
			};
			name = Release;
		};
		9B710B1E2466287C00761B80 /* Debug */ = {
			isa = XCBuildConfiguration;
			buildSettings = {
				ALWAYS_EMBED_SWIFT_STANDARD_LIBRARIES = YES;
				BUNDLE_LOADER = "$(TEST_HOST)";
				CODE_SIGN_STYLE = Automatic;
				DEVELOPMENT_TEAM = 96SB47X67B;
				INFOPLIST_FILE = QuakesTests/Info.plist;
				IPHONEOS_DEPLOYMENT_TARGET = 13.4;
				LD_RUNPATH_SEARCH_PATHS = (
					"$(inherited)",
					"@executable_path/Frameworks",
					"@loader_path/Frameworks",
				);
				PRODUCT_BUNDLE_IDENTIFIER = com.CraunicProductions.QuakesTests;
				PRODUCT_NAME = "$(TARGET_NAME)";
				SWIFT_VERSION = 5.0;
				TARGETED_DEVICE_FAMILY = "1,2";
				TEST_HOST = "$(BUILT_PRODUCTS_DIR)/Quakes.app/Quakes";
			};
			name = Debug;
		};
		9B710B1F2466287C00761B80 /* Release */ = {
			isa = XCBuildConfiguration;
			buildSettings = {
				ALWAYS_EMBED_SWIFT_STANDARD_LIBRARIES = YES;
				BUNDLE_LOADER = "$(TEST_HOST)";
				CODE_SIGN_STYLE = Automatic;
				DEVELOPMENT_TEAM = 96SB47X67B;
				INFOPLIST_FILE = QuakesTests/Info.plist;
				IPHONEOS_DEPLOYMENT_TARGET = 13.4;
				LD_RUNPATH_SEARCH_PATHS = (
					"$(inherited)",
					"@executable_path/Frameworks",
					"@loader_path/Frameworks",
				);
				PRODUCT_BUNDLE_IDENTIFIER = com.CraunicProductions.QuakesTests;
				PRODUCT_NAME = "$(TARGET_NAME)";
				SWIFT_VERSION = 5.0;
				TARGETED_DEVICE_FAMILY = "1,2";
				TEST_HOST = "$(BUILT_PRODUCTS_DIR)/Quakes.app/Quakes";
			};
			name = Release;
		};
		9B710B212466287C00761B80 /* Debug */ = {
			isa = XCBuildConfiguration;
			buildSettings = {
				ALWAYS_EMBED_SWIFT_STANDARD_LIBRARIES = YES;
				CODE_SIGN_STYLE = Automatic;
				DEVELOPMENT_TEAM = 96SB47X67B;
				INFOPLIST_FILE = QuakesUITests/Info.plist;
				LD_RUNPATH_SEARCH_PATHS = (
					"$(inherited)",
					"@executable_path/Frameworks",
					"@loader_path/Frameworks",
				);
				PRODUCT_BUNDLE_IDENTIFIER = com.CraunicProductions.QuakesUITests;
				PRODUCT_NAME = "$(TARGET_NAME)";
				SWIFT_VERSION = 5.0;
				TARGETED_DEVICE_FAMILY = "1,2";
				TEST_TARGET_NAME = Quakes;
			};
			name = Debug;
		};
		9B710B222466287C00761B80 /* Release */ = {
			isa = XCBuildConfiguration;
			buildSettings = {
				ALWAYS_EMBED_SWIFT_STANDARD_LIBRARIES = YES;
				CODE_SIGN_STYLE = Automatic;
				DEVELOPMENT_TEAM = 96SB47X67B;
				INFOPLIST_FILE = QuakesUITests/Info.plist;
				LD_RUNPATH_SEARCH_PATHS = (
					"$(inherited)",
					"@executable_path/Frameworks",
					"@loader_path/Frameworks",
				);
				PRODUCT_BUNDLE_IDENTIFIER = com.CraunicProductions.QuakesUITests;
				PRODUCT_NAME = "$(TARGET_NAME)";
				SWIFT_VERSION = 5.0;
				TARGETED_DEVICE_FAMILY = "1,2";
				TEST_TARGET_NAME = Quakes;
			};
			name = Release;
		};
/* End XCBuildConfiguration section */

/* Begin XCConfigurationList section */
		9B710AE82466287700761B80 /* Build configuration list for PBXProject "Quakes" */ = {
			isa = XCConfigurationList;
			buildConfigurations = (
				9B710B182466287C00761B80 /* Debug */,
				9B710B192466287C00761B80 /* Release */,
			);
			defaultConfigurationIsVisible = 0;
			defaultConfigurationName = Release;
		};
		9B710B1A2466287C00761B80 /* Build configuration list for PBXNativeTarget "Quakes" */ = {
			isa = XCConfigurationList;
			buildConfigurations = (
				9B710B1B2466287C00761B80 /* Debug */,
				9B710B1C2466287C00761B80 /* Release */,
			);
			defaultConfigurationIsVisible = 0;
			defaultConfigurationName = Release;
		};
		9B710B1D2466287C00761B80 /* Build configuration list for PBXNativeTarget "QuakesTests" */ = {
			isa = XCConfigurationList;
			buildConfigurations = (
				9B710B1E2466287C00761B80 /* Debug */,
				9B710B1F2466287C00761B80 /* Release */,
			);
			defaultConfigurationIsVisible = 0;
			defaultConfigurationName = Release;
		};
		9B710B202466287C00761B80 /* Build configuration list for PBXNativeTarget "QuakesUITests" */ = {
			isa = XCConfigurationList;
			buildConfigurations = (
				9B710B212466287C00761B80 /* Debug */,
				9B710B222466287C00761B80 /* Release */,
			);
			defaultConfigurationIsVisible = 0;
			defaultConfigurationName = Release;
		};
/* End XCConfigurationList section */

/* Begin XCVersionGroup section */
		9B710AF42466287700761B80 /* Quakes.xcdatamodeld */ = {
			isa = XCVersionGroup;
			children = (
				9B710AF52466287700761B80 /* Quakes.xcdatamodel */,
			);
			currentVersion = 9B710AF52466287700761B80 /* Quakes.xcdatamodel */;
			path = Quakes.xcdatamodeld;
			sourceTree = "<group>";
			versionGroupType = wrapper.xcdatamodel;
		};
/* End XCVersionGroup section */
	};
	rootObject = 9B710AE52466287700761B80 /* Project object */;
}
